// !$*UTF8*$!
{
	archiveVersion = 1;
	classes = {
	};
	objectVersion = 56;
	objects = {

/* Begin PBXBuildFile section */
		961712282A8F751800207A35 /* AppDelegate.swift in Sources */ = {isa = PBXBuildFile; fileRef = 961712272A8F751800207A35 /* AppDelegate.swift */; };
		9617122A2A8F751900207A35 /* SceneDelegate.swift in Sources */ = {isa = PBXBuildFile; fileRef = 961712292A8F751900207A35 /* SceneDelegate.swift */; };
		9617122C2A8F751900207A35 /* TabBarController.swift in Sources */ = {isa = PBXBuildFile; fileRef = 9617122B2A8F751900207A35 /* TabBarController.swift */; };
		961712312A8F751A00207A35 /* Assets.xcassets in Resources */ = {isa = PBXBuildFile; fileRef = 961712302A8F751A00207A35 /* Assets.xcassets */; };
		961712342A8F751A00207A35 /* LaunchScreen.storyboard in Resources */ = {isa = PBXBuildFile; fileRef = 961712322A8F751A00207A35 /* LaunchScreen.storyboard */; };
		961712402A8F8CC500207A35 /* APIService.swift in Sources */ = {isa = PBXBuildFile; fileRef = 9617123F2A8F8CC500207A35 /* APIService.swift */; };
		961712422A8F8D2000207A35 /* APIRequest.swift in Sources */ = {isa = PBXBuildFile; fileRef = 961712412A8F8D2000207A35 /* APIRequest.swift */; };
		961712442A8F8D3B00207A35 /* APIEndpoint.swift in Sources */ = {isa = PBXBuildFile; fileRef = 961712432A8F8D3B00207A35 /* APIEndpoint.swift */; };
		964881E32A9362BE008DA625 /* GetAllCharactersResponse.swift in Sources */ = {isa = PBXBuildFile; fileRef = 964881E22A9362BE008DA625 /* GetAllCharactersResponse.swift */; };
		964881E52A93634B008DA625 /* Character.swift in Sources */ = {isa = PBXBuildFile; fileRef = 964881E42A93634B008DA625 /* Character.swift */; };
		964881E72A93640F008DA625 /* CharacterStatus.swift in Sources */ = {isa = PBXBuildFile; fileRef = 964881E62A93640F008DA625 /* CharacterStatus.swift */; };
		964881E92A936442008DA625 /* CharacterGender.swift in Sources */ = {isa = PBXBuildFile; fileRef = 964881E82A936442008DA625 /* CharacterGender.swift */; };
		964881EB2A936469008DA625 /* Origin.swift in Sources */ = {isa = PBXBuildFile; fileRef = 964881EA2A936469008DA625 /* Origin.swift */; };
		964881ED2A936488008DA625 /* CharacterLocation.swift in Sources */ = {isa = PBXBuildFile; fileRef = 964881EC2A936488008DA625 /* CharacterLocation.swift */; };
		964881EF2A936F5A008DA625 /* ImageManager.swift in Sources */ = {isa = PBXBuildFile; fileRef = 964881EE2A936F5A008DA625 /* ImageManager.swift */; };
		964881F42A937322008DA625 /* SettingsViewController.swift in Sources */ = {isa = PBXBuildFile; fileRef = 964881F32A937322008DA625 /* SettingsViewController.swift */; };
		964881F62A9373EB008DA625 /* CharactersListViewController.swift in Sources */ = {isa = PBXBuildFile; fileRef = 964881F52A9373EB008DA625 /* CharactersListViewController.swift */; };
		964881F92A9376B2008DA625 /* Colors.swift in Sources */ = {isa = PBXBuildFile; fileRef = 964881F82A9376B2008DA625 /* Colors.swift */; };
		964881FC2A9376C8008DA625 /* Images.swift in Sources */ = {isa = PBXBuildFile; fileRef = 964881FB2A9376C8008DA625 /* Images.swift */; };
		964882022A93D0CB008DA625 /* CharacterListViewModel.swift in Sources */ = {isa = PBXBuildFile; fileRef = 964882012A93D0CA008DA625 /* CharacterListViewModel.swift */; };
		964882042A93D3EC008DA625 /* CharacterListView.swift in Sources */ = {isa = PBXBuildFile; fileRef = 964882032A93D3EC008DA625 /* CharacterListView.swift */; };
		964882062A93DFB4008DA625 /* CharacterCollectionViewCellViewModel.swift in Sources */ = {isa = PBXBuildFile; fileRef = 964882052A93DFB4008DA625 /* CharacterCollectionViewCellViewModel.swift */; };
		964882082A93E1CC008DA625 /* CharacterCollectionViewCell.swift in Sources */ = {isa = PBXBuildFile; fileRef = 964882072A93E1CC008DA625 /* CharacterCollectionViewCell.swift */; };
		96740B5A2A94DC4A001CB9F8 /* SectionFooterCollectionReusableView.swift in Sources */ = {isa = PBXBuildFile; fileRef = 96740B592A94DC4A001CB9F8 /* SectionFooterCollectionReusableView.swift */; };
		96740B5C2A952694001CB9F8 /* UIColor+.swift in Sources */ = {isa = PBXBuildFile; fileRef = 96740B5B2A952694001CB9F8 /* UIColor+.swift */; };
/* End PBXBuildFile section */

/* Begin PBXFileReference section */
		961712242A8F751800207A35 /* Rick&Morty Intern Assessment.app */ = {isa = PBXFileReference; explicitFileType = wrapper.application; includeInIndex = 0; path = "Rick&Morty Intern Assessment.app"; sourceTree = BUILT_PRODUCTS_DIR; };
		961712272A8F751800207A35 /* AppDelegate.swift */ = {isa = PBXFileReference; lastKnownFileType = sourcecode.swift; path = AppDelegate.swift; sourceTree = "<group>"; };
		961712292A8F751900207A35 /* SceneDelegate.swift */ = {isa = PBXFileReference; lastKnownFileType = sourcecode.swift; path = SceneDelegate.swift; sourceTree = "<group>"; };
		9617122B2A8F751900207A35 /* TabBarController.swift */ = {isa = PBXFileReference; lastKnownFileType = sourcecode.swift; path = TabBarController.swift; sourceTree = "<group>"; };
		961712302A8F751A00207A35 /* Assets.xcassets */ = {isa = PBXFileReference; lastKnownFileType = folder.assetcatalog; path = Assets.xcassets; sourceTree = "<group>"; };
		961712332A8F751A00207A35 /* Base */ = {isa = PBXFileReference; lastKnownFileType = file.storyboard; name = Base; path = Base.lproj/LaunchScreen.storyboard; sourceTree = "<group>"; };
		961712352A8F751A00207A35 /* Info.plist */ = {isa = PBXFileReference; lastKnownFileType = text.plist.xml; path = Info.plist; sourceTree = "<group>"; };
		9617123F2A8F8CC500207A35 /* APIService.swift */ = {isa = PBXFileReference; lastKnownFileType = sourcecode.swift; path = APIService.swift; sourceTree = "<group>"; };
		961712412A8F8D2000207A35 /* APIRequest.swift */ = {isa = PBXFileReference; lastKnownFileType = sourcecode.swift; path = APIRequest.swift; sourceTree = "<group>"; };
		961712432A8F8D3B00207A35 /* APIEndpoint.swift */ = {isa = PBXFileReference; lastKnownFileType = sourcecode.swift; path = APIEndpoint.swift; sourceTree = "<group>"; };
		964881E22A9362BE008DA625 /* GetAllCharactersResponse.swift */ = {isa = PBXFileReference; lastKnownFileType = sourcecode.swift; path = GetAllCharactersResponse.swift; sourceTree = "<group>"; };
		964881E42A93634B008DA625 /* Character.swift */ = {isa = PBXFileReference; lastKnownFileType = sourcecode.swift; path = Character.swift; sourceTree = "<group>"; };
		964881E62A93640F008DA625 /* CharacterStatus.swift */ = {isa = PBXFileReference; lastKnownFileType = sourcecode.swift; path = CharacterStatus.swift; sourceTree = "<group>"; };
		964881E82A936442008DA625 /* CharacterGender.swift */ = {isa = PBXFileReference; lastKnownFileType = sourcecode.swift; path = CharacterGender.swift; sourceTree = "<group>"; };
		964881EA2A936469008DA625 /* Origin.swift */ = {isa = PBXFileReference; lastKnownFileType = sourcecode.swift; path = Origin.swift; sourceTree = "<group>"; };
		964881EC2A936488008DA625 /* CharacterLocation.swift */ = {isa = PBXFileReference; lastKnownFileType = sourcecode.swift; path = CharacterLocation.swift; sourceTree = "<group>"; };
		964881EE2A936F5A008DA625 /* ImageManager.swift */ = {isa = PBXFileReference; lastKnownFileType = sourcecode.swift; path = ImageManager.swift; sourceTree = "<group>"; };
		964881F32A937322008DA625 /* SettingsViewController.swift */ = {isa = PBXFileReference; lastKnownFileType = sourcecode.swift; path = SettingsViewController.swift; sourceTree = "<group>"; };
		964881F52A9373EB008DA625 /* CharactersListViewController.swift */ = {isa = PBXFileReference; lastKnownFileType = sourcecode.swift; path = CharactersListViewController.swift; sourceTree = "<group>"; };
		964881F82A9376B2008DA625 /* Colors.swift */ = {isa = PBXFileReference; lastKnownFileType = sourcecode.swift; path = Colors.swift; sourceTree = "<group>"; };
		964881FB2A9376C8008DA625 /* Images.swift */ = {isa = PBXFileReference; lastKnownFileType = sourcecode.swift; path = Images.swift; sourceTree = "<group>"; };
		964882012A93D0CA008DA625 /* CharacterListViewModel.swift */ = {isa = PBXFileReference; lastKnownFileType = sourcecode.swift; path = CharacterListViewModel.swift; sourceTree = "<group>"; };
		964882032A93D3EC008DA625 /* CharacterListView.swift */ = {isa = PBXFileReference; lastKnownFileType = sourcecode.swift; path = CharacterListView.swift; sourceTree = "<group>"; };
		964882052A93DFB4008DA625 /* CharacterCollectionViewCellViewModel.swift */ = {isa = PBXFileReference; lastKnownFileType = sourcecode.swift; path = CharacterCollectionViewCellViewModel.swift; sourceTree = "<group>"; };
		964882072A93E1CC008DA625 /* CharacterCollectionViewCell.swift */ = {isa = PBXFileReference; lastKnownFileType = sourcecode.swift; path = CharacterCollectionViewCell.swift; sourceTree = "<group>"; };
		96740B592A94DC4A001CB9F8 /* SectionFooterCollectionReusableView.swift */ = {isa = PBXFileReference; lastKnownFileType = sourcecode.swift; path = SectionFooterCollectionReusableView.swift; sourceTree = "<group>"; };
		96740B5B2A952694001CB9F8 /* UIColor+.swift */ = {isa = PBXFileReference; lastKnownFileType = sourcecode.swift; path = "UIColor+.swift"; sourceTree = "<group>"; };
/* End PBXFileReference section */

/* Begin PBXFrameworksBuildPhase section */
		961712212A8F751800207A35 /* Frameworks */ = {
			isa = PBXFrameworksBuildPhase;
			buildActionMask = 2147483647;
			files = (
			);
			runOnlyForDeploymentPostprocessing = 0;
		};
/* End PBXFrameworksBuildPhase section */

/* Begin PBXGroup section */
		9617121B2A8F751800207A35 = {
			isa = PBXGroup;
			children = (
				961712262A8F751800207A35 /* Rick&Morty Intern Assessment */,
				961712252A8F751800207A35 /* Products */,
			);
			sourceTree = "<group>";
		};
		961712252A8F751800207A35 /* Products */ = {
			isa = PBXGroup;
			children = (
				961712242A8F751800207A35 /* Rick&Morty Intern Assessment.app */,
			);
			name = Products;
			sourceTree = "<group>";
		};
		961712262A8F751800207A35 /* Rick&Morty Intern Assessment */ = {
			isa = PBXGroup;
			children = (
				961712462A8F8E1900207A35 /* Modules */,
				961712452A8F8DFD00207A35 /* Managers */,
				9617123E2A8F8C8A00207A35 /* Services */,
				9617123B2A8F75A900207A35 /* Resources */,
				964881F72A937695008DA625 /* Helpers */,
				969C07162A8F988C0057FA61 /* Extensions */,
				961712352A8F751A00207A35 /* Info.plist */,
			);
			path = "Rick&Morty Intern Assessment";
			sourceTree = "<group>";
		};
		9617123B2A8F75A900207A35 /* Resources */ = {
			isa = PBXGroup;
			children = (
				961712272A8F751800207A35 /* AppDelegate.swift */,
				961712292A8F751900207A35 /* SceneDelegate.swift */,
				961712302A8F751A00207A35 /* Assets.xcassets */,
				961712322A8F751A00207A35 /* LaunchScreen.storyboard */,
			);
			path = Resources;
			sourceTree = "<group>";
		};
		9617123E2A8F8C8A00207A35 /* Services */ = {
			isa = PBXGroup;
			children = (
				969C07192A8F9A7C0057FA61 /* RickMortyAPIClient */,
			);
			path = Services;
			sourceTree = "<group>";
		};
		961712452A8F8DFD00207A35 /* Managers */ = {
			isa = PBXGroup;
			children = (
				964881EE2A936F5A008DA625 /* ImageManager.swift */,
			);
			path = Managers;
			sourceTree = "<group>";
		};
		961712462A8F8E1900207A35 /* Modules */ = {
			isa = PBXGroup;
			children = (
				969C07182A8F99570057FA61 /* Core */,
				961712472A8F937A00207A35 /* CharactersListModule */,
				961712482A8F942C00207A35 /* CharacterDetailsModule */,
				964881F02A9372A1008DA625 /* SettingsModule */,
			);
			path = Modules;
			sourceTree = "<group>";
		};
		961712472A8F937A00207A35 /* CharactersListModule */ = {
			isa = PBXGroup;
			children = (
				969C07112A8F95A60057FA61 /* Models */,
				969C07132A8F95B20057FA61 /* Views */,
				969C07122A8F95AC0057FA61 /* ViewModels */,
			);
			path = CharactersListModule;
			sourceTree = "<group>";
		};
		961712482A8F942C00207A35 /* CharacterDetailsModule */ = {
			isa = PBXGroup;
			children = (
				9617124B2A8F952500207A35 /* Models */,
				961712492A8F94FB00207A35 /* Views */,
				9617124A2A8F950500207A35 /* ViewModels */,
			);
			path = CharacterDetailsModule;
			sourceTree = "<group>";
		};
		961712492A8F94FB00207A35 /* Views */ = {
			isa = PBXGroup;
			children = (
			);
			path = Views;
			sourceTree = "<group>";
		};
		9617124A2A8F950500207A35 /* ViewModels */ = {
			isa = PBXGroup;
			children = (
			);
			path = ViewModels;
			sourceTree = "<group>";
		};
		9617124B2A8F952500207A35 /* Models */ = {
			isa = PBXGroup;
			children = (
				969C07152A8F960F0057FA61 /* DataTypes */,
				969C07142A8F96040057FA61 /* APIResponseTypes */,
			);
			path = Models;
			sourceTree = "<group>";
		};
		964881E02A93627E008DA625 /* DataTypes */ = {
			isa = PBXGroup;
			children = (
				964881E42A93634B008DA625 /* Character.swift */,
				964881E62A93640F008DA625 /* CharacterStatus.swift */,
				964881E82A936442008DA625 /* CharacterGender.swift */,
				964881EA2A936469008DA625 /* Origin.swift */,
				964881EC2A936488008DA625 /* CharacterLocation.swift */,
			);
			path = DataTypes;
			sourceTree = "<group>";
		};
		964881E12A93628C008DA625 /* APIResponseTypes */ = {
			isa = PBXGroup;
			children = (
				964881E22A9362BE008DA625 /* GetAllCharactersResponse.swift */,
			);
			path = APIResponseTypes;
			sourceTree = "<group>";
		};
		964881F02A9372A1008DA625 /* SettingsModule */ = {
			isa = PBXGroup;
			children = (
				964881F22A93730D008DA625 /* ViewModels */,
				964881F12A937302008DA625 /* Views */,
			);
			path = SettingsModule;
			sourceTree = "<group>";
		};
		964881F12A937302008DA625 /* Views */ = {
			isa = PBXGroup;
			children = (
				964881F32A937322008DA625 /* SettingsViewController.swift */,
			);
			path = Views;
			sourceTree = "<group>";
		};
		964881F22A93730D008DA625 /* ViewModels */ = {
			isa = PBXGroup;
			children = (
			);
			path = ViewModels;
			sourceTree = "<group>";
		};
		964881F72A937695008DA625 /* Helpers */ = {
			isa = PBXGroup;
			children = (
				964881F82A9376B2008DA625 /* Colors.swift */,
				964881FB2A9376C8008DA625 /* Images.swift */,
			);
			path = Helpers;
			sourceTree = "<group>";
		};
		969C07112A8F95A60057FA61 /* Models */ = {
			isa = PBXGroup;
			children = (
				964881E12A93628C008DA625 /* APIResponseTypes */,
				964881E02A93627E008DA625 /* DataTypes */,
			);
			path = Models;
			sourceTree = "<group>";
		};
		969C07122A8F95AC0057FA61 /* ViewModels */ = {
			isa = PBXGroup;
			children = (
				964882012A93D0CA008DA625 /* CharacterListViewModel.swift */,
				964882052A93DFB4008DA625 /* CharacterCollectionViewCellViewModel.swift */,
			);
			path = ViewModels;
			sourceTree = "<group>";
		};
		969C07132A8F95B20057FA61 /* Views */ = {
			isa = PBXGroup;
			children = (
				964881F52A9373EB008DA625 /* CharactersListViewController.swift */,
				964882032A93D3EC008DA625 /* CharacterListView.swift */,
				964882072A93E1CC008DA625 /* CharacterCollectionViewCell.swift */,
				96740B592A94DC4A001CB9F8 /* SectionFooterCollectionReusableView.swift */,
			);
			path = Views;
			sourceTree = "<group>";
		};
		969C07142A8F96040057FA61 /* APIResponseTypes */ = {
			isa = PBXGroup;
			children = (
			);
			path = APIResponseTypes;
			sourceTree = "<group>";
		};
		969C07152A8F960F0057FA61 /* DataTypes */ = {
			isa = PBXGroup;
			children = (
			);
			path = DataTypes;
			sourceTree = "<group>";
		};
		969C07162A8F988C0057FA61 /* Extensions */ = {
			isa = PBXGroup;
			children = (
				969C07172A8F99330057FA61 /* UIKit */,
			);
			path = Extensions;
			sourceTree = "<group>";
		};
		969C07172A8F99330057FA61 /* UIKit */ = {
			isa = PBXGroup;
			children = (
				96740B5B2A952694001CB9F8 /* UIColor+.swift */,
			);
			path = UIKit;
			sourceTree = "<group>";
		};
		969C07182A8F99570057FA61 /* Core */ = {
			isa = PBXGroup;
			children = (
				9617122B2A8F751900207A35 /* TabBarController.swift */,
			);
			path = Core;
			sourceTree = "<group>";
		};
		969C07192A8F9A7C0057FA61 /* RickMortyAPIClient */ = {
			isa = PBXGroup;
			children = (
				9617123F2A8F8CC500207A35 /* APIService.swift */,
				961712412A8F8D2000207A35 /* APIRequest.swift */,
				961712432A8F8D3B00207A35 /* APIEndpoint.swift */,
			);
			path = RickMortyAPIClient;
			sourceTree = "<group>";
		};
/* End PBXGroup section */

/* Begin PBXNativeTarget section */
		961712232A8F751800207A35 /* Rick&Morty Intern Assessment */ = {
			isa = PBXNativeTarget;
			buildConfigurationList = 961712382A8F751A00207A35 /* Build configuration list for PBXNativeTarget "Rick&Morty Intern Assessment" */;
			buildPhases = (
				961712202A8F751800207A35 /* Sources */,
				961712212A8F751800207A35 /* Frameworks */,
				961712222A8F751800207A35 /* Resources */,
			);
			buildRules = (
			);
			dependencies = (
			);
			name = "Rick&Morty Intern Assessment";
			productName = "Rick&Morty Intern Assessment";
			productReference = 961712242A8F751800207A35 /* Rick&Morty Intern Assessment.app */;
			productType = "com.apple.product-type.application";
		};
/* End PBXNativeTarget section */

/* Begin PBXProject section */
		9617121C2A8F751800207A35 /* Project object */ = {
			isa = PBXProject;
			attributes = {
				BuildIndependentTargetsInParallel = 1;
				LastSwiftUpdateCheck = 1420;
				LastUpgradeCheck = 1420;
				TargetAttributes = {
					961712232A8F751800207A35 = {
						CreatedOnToolsVersion = 14.2;
					};
				};
			};
			buildConfigurationList = 9617121F2A8F751800207A35 /* Build configuration list for PBXProject "Rick&Morty Intern Assessment" */;
			compatibilityVersion = "Xcode 14.0";
			developmentRegion = en;
			hasScannedForEncodings = 0;
			knownRegions = (
				en,
				Base,
			);
			mainGroup = 9617121B2A8F751800207A35;
			productRefGroup = 961712252A8F751800207A35 /* Products */;
			projectDirPath = "";
			projectRoot = "";
			targets = (
				961712232A8F751800207A35 /* Rick&Morty Intern Assessment */,
			);
		};
/* End PBXProject section */

/* Begin PBXResourcesBuildPhase section */
		961712222A8F751800207A35 /* Resources */ = {
			isa = PBXResourcesBuildPhase;
			buildActionMask = 2147483647;
			files = (
				961712342A8F751A00207A35 /* LaunchScreen.storyboard in Resources */,
				961712312A8F751A00207A35 /* Assets.xcassets in Resources */,
			);
			runOnlyForDeploymentPostprocessing = 0;
		};
/* End PBXResourcesBuildPhase section */

/* Begin PBXSourcesBuildPhase section */
		961712202A8F751800207A35 /* Sources */ = {
			isa = PBXSourcesBuildPhase;
			buildActionMask = 2147483647;
			files = (
				9617122C2A8F751900207A35 /* TabBarController.swift in Sources */,
				964882062A93DFB4008DA625 /* CharacterCollectionViewCellViewModel.swift in Sources */,
				961712402A8F8CC500207A35 /* APIService.swift in Sources */,
				964882042A93D3EC008DA625 /* CharacterListView.swift in Sources */,
				961712282A8F751800207A35 /* AppDelegate.swift in Sources */,
				964881FC2A9376C8008DA625 /* Images.swift in Sources */,
				96740B5A2A94DC4A001CB9F8 /* SectionFooterCollectionReusableView.swift in Sources */,
				964882082A93E1CC008DA625 /* CharacterCollectionViewCell.swift in Sources */,
				964881E32A9362BE008DA625 /* GetAllCharactersResponse.swift in Sources */,
				964881ED2A936488008DA625 /* CharacterLocation.swift in Sources */,
				964881F62A9373EB008DA625 /* CharactersListViewController.swift in Sources */,
				961712442A8F8D3B00207A35 /* APIEndpoint.swift in Sources */,
				964881EB2A936469008DA625 /* Origin.swift in Sources */,
				961712422A8F8D2000207A35 /* APIRequest.swift in Sources */,
				964881F92A9376B2008DA625 /* Colors.swift in Sources */,
				964881E72A93640F008DA625 /* CharacterStatus.swift in Sources */,
				964881F42A937322008DA625 /* SettingsViewController.swift in Sources */,
				96740B5C2A952694001CB9F8 /* UIColor+.swift in Sources */,
				9617122A2A8F751900207A35 /* SceneDelegate.swift in Sources */,
				964881E92A936442008DA625 /* CharacterGender.swift in Sources */,
				964881E52A93634B008DA625 /* Character.swift in Sources */,
				964881EF2A936F5A008DA625 /* ImageManager.swift in Sources */,
				964882022A93D0CB008DA625 /* CharacterListViewModel.swift in Sources */,
			);
			runOnlyForDeploymentPostprocessing = 0;
		};
/* End PBXSourcesBuildPhase section */

/* Begin PBXVariantGroup section */
		961712322A8F751A00207A35 /* LaunchScreen.storyboard */ = {
			isa = PBXVariantGroup;
			children = (
				961712332A8F751A00207A35 /* Base */,
			);
			name = LaunchScreen.storyboard;
			sourceTree = "<group>";
		};
/* End PBXVariantGroup section */

/* Begin XCBuildConfiguration section */
		961712362A8F751A00207A35 /* Debug */ = {
			isa = XCBuildConfiguration;
			buildSettings = {
				ALWAYS_SEARCH_USER_PATHS = NO;
				CLANG_ANALYZER_NONNULL = YES;
				CLANG_ANALYZER_NUMBER_OBJECT_CONVERSION = YES_AGGRESSIVE;
				CLANG_CXX_LANGUAGE_STANDARD = "gnu++20";
				CLANG_ENABLE_MODULES = YES;
				CLANG_ENABLE_OBJC_ARC = YES;
				CLANG_ENABLE_OBJC_WEAK = YES;
				CLANG_WARN_BLOCK_CAPTURE_AUTORELEASING = YES;
				CLANG_WARN_BOOL_CONVERSION = YES;
				CLANG_WARN_COMMA = YES;
				CLANG_WARN_CONSTANT_CONVERSION = YES;
				CLANG_WARN_DEPRECATED_OBJC_IMPLEMENTATIONS = YES;
				CLANG_WARN_DIRECT_OBJC_ISA_USAGE = YES_ERROR;
				CLANG_WARN_DOCUMENTATION_COMMENTS = YES;
				CLANG_WARN_EMPTY_BODY = YES;
				CLANG_WARN_ENUM_CONVERSION = YES;
				CLANG_WARN_INFINITE_RECURSION = YES;
				CLANG_WARN_INT_CONVERSION = YES;
				CLANG_WARN_NON_LITERAL_NULL_CONVERSION = YES;
				CLANG_WARN_OBJC_IMPLICIT_RETAIN_SELF = YES;
				CLANG_WARN_OBJC_LITERAL_CONVERSION = YES;
				CLANG_WARN_OBJC_ROOT_CLASS = YES_ERROR;
				CLANG_WARN_QUOTED_INCLUDE_IN_FRAMEWORK_HEADER = YES;
				CLANG_WARN_RANGE_LOOP_ANALYSIS = YES;
				CLANG_WARN_STRICT_PROTOTYPES = YES;
				CLANG_WARN_SUSPICIOUS_MOVE = YES;
				CLANG_WARN_UNGUARDED_AVAILABILITY = YES_AGGRESSIVE;
				CLANG_WARN_UNREACHABLE_CODE = YES;
				CLANG_WARN__DUPLICATE_METHOD_MATCH = YES;
				COPY_PHASE_STRIP = NO;
				DEBUG_INFORMATION_FORMAT = dwarf;
				ENABLE_STRICT_OBJC_MSGSEND = YES;
				ENABLE_TESTABILITY = YES;
				GCC_C_LANGUAGE_STANDARD = gnu11;
				GCC_DYNAMIC_NO_PIC = NO;
				GCC_NO_COMMON_BLOCKS = YES;
				GCC_OPTIMIZATION_LEVEL = 0;
				GCC_PREPROCESSOR_DEFINITIONS = (
					"DEBUG=1",
					"$(inherited)",
				);
				GCC_WARN_64_TO_32_BIT_CONVERSION = YES;
				GCC_WARN_ABOUT_RETURN_TYPE = YES_ERROR;
				GCC_WARN_UNDECLARED_SELECTOR = YES;
				GCC_WARN_UNINITIALIZED_AUTOS = YES_AGGRESSIVE;
				GCC_WARN_UNUSED_FUNCTION = YES;
				GCC_WARN_UNUSED_VARIABLE = YES;
				IPHONEOS_DEPLOYMENT_TARGET = 16.2;
				MTL_ENABLE_DEBUG_INFO = INCLUDE_SOURCE;
				MTL_FAST_MATH = YES;
				ONLY_ACTIVE_ARCH = YES;
				SDKROOT = iphoneos;
				SWIFT_ACTIVE_COMPILATION_CONDITIONS = DEBUG;
				SWIFT_OPTIMIZATION_LEVEL = "-Onone";
			};
			name = Debug;
		};
		961712372A8F751A00207A35 /* Release */ = {
			isa = XCBuildConfiguration;
			buildSettings = {
				ALWAYS_SEARCH_USER_PATHS = NO;
				CLANG_ANALYZER_NONNULL = YES;
				CLANG_ANALYZER_NUMBER_OBJECT_CONVERSION = YES_AGGRESSIVE;
				CLANG_CXX_LANGUAGE_STANDARD = "gnu++20";
				CLANG_ENABLE_MODULES = YES;
				CLANG_ENABLE_OBJC_ARC = YES;
				CLANG_ENABLE_OBJC_WEAK = YES;
				CLANG_WARN_BLOCK_CAPTURE_AUTORELEASING = YES;
				CLANG_WARN_BOOL_CONVERSION = YES;
				CLANG_WARN_COMMA = YES;
				CLANG_WARN_CONSTANT_CONVERSION = YES;
				CLANG_WARN_DEPRECATED_OBJC_IMPLEMENTATIONS = YES;
				CLANG_WARN_DIRECT_OBJC_ISA_USAGE = YES_ERROR;
				CLANG_WARN_DOCUMENTATION_COMMENTS = YES;
				CLANG_WARN_EMPTY_BODY = YES;
				CLANG_WARN_ENUM_CONVERSION = YES;
				CLANG_WARN_INFINITE_RECURSION = YES;
				CLANG_WARN_INT_CONVERSION = YES;
				CLANG_WARN_NON_LITERAL_NULL_CONVERSION = YES;
				CLANG_WARN_OBJC_IMPLICIT_RETAIN_SELF = YES;
				CLANG_WARN_OBJC_LITERAL_CONVERSION = YES;
				CLANG_WARN_OBJC_ROOT_CLASS = YES_ERROR;
				CLANG_WARN_QUOTED_INCLUDE_IN_FRAMEWORK_HEADER = YES;
				CLANG_WARN_RANGE_LOOP_ANALYSIS = YES;
				CLANG_WARN_STRICT_PROTOTYPES = YES;
				CLANG_WARN_SUSPICIOUS_MOVE = YES;
				CLANG_WARN_UNGUARDED_AVAILABILITY = YES_AGGRESSIVE;
				CLANG_WARN_UNREACHABLE_CODE = YES;
				CLANG_WARN__DUPLICATE_METHOD_MATCH = YES;
				COPY_PHASE_STRIP = NO;
				DEBUG_INFORMATION_FORMAT = "dwarf-with-dsym";
				ENABLE_NS_ASSERTIONS = NO;
				ENABLE_STRICT_OBJC_MSGSEND = YES;
				GCC_C_LANGUAGE_STANDARD = gnu11;
				GCC_NO_COMMON_BLOCKS = YES;
				GCC_WARN_64_TO_32_BIT_CONVERSION = YES;
				GCC_WARN_ABOUT_RETURN_TYPE = YES_ERROR;
				GCC_WARN_UNDECLARED_SELECTOR = YES;
				GCC_WARN_UNINITIALIZED_AUTOS = YES_AGGRESSIVE;
				GCC_WARN_UNUSED_FUNCTION = YES;
				GCC_WARN_UNUSED_VARIABLE = YES;
				IPHONEOS_DEPLOYMENT_TARGET = 16.2;
				MTL_ENABLE_DEBUG_INFO = NO;
				MTL_FAST_MATH = YES;
				SDKROOT = iphoneos;
				SWIFT_COMPILATION_MODE = wholemodule;
				SWIFT_OPTIMIZATION_LEVEL = "-O";
				VALIDATE_PRODUCT = YES;
			};
			name = Release;
		};
		961712392A8F751A00207A35 /* Debug */ = {
			isa = XCBuildConfiguration;
			buildSettings = {
				ASSETCATALOG_COMPILER_APPICON_NAME = AppIcon;
				ASSETCATALOG_COMPILER_GLOBAL_ACCENT_COLOR_NAME = AccentColor;
				CODE_SIGN_STYLE = Automatic;
				CURRENT_PROJECT_VERSION = 1;
				DEVELOPMENT_TEAM = Y5WSGR4QBW;
				GENERATE_INFOPLIST_FILE = YES;
				INFOPLIST_FILE = "Rick&Morty Intern Assessment/Info.plist";
				INFOPLIST_KEY_UIApplicationSupportsIndirectInputEvents = YES;
				INFOPLIST_KEY_UILaunchStoryboardName = LaunchScreen.storyboard;
				INFOPLIST_KEY_UISupportedInterfaceOrientations = UIInterfaceOrientationPortrait;
				INFOPLIST_KEY_UISupportedInterfaceOrientations_iPad = "UIInterfaceOrientationLandscapeLeft UIInterfaceOrientationLandscapeRight UIInterfaceOrientationPortrait UIInterfaceOrientationPortraitUpsideDown";
				IPHONEOS_DEPLOYMENT_TARGET = 16.2;
				LD_RUNPATH_SEARCH_PATHS = (
					"$(inherited)",
					"@executable_path/Frameworks",
				);
				MARKETING_VERSION = 1.0;
				PRODUCT_BUNDLE_IDENTIFIER = "com.antonkh.Rick-Morty-Intern-Assessment";
				PRODUCT_NAME = "$(TARGET_NAME)";
				SWIFT_EMIT_LOC_STRINGS = YES;
				SWIFT_VERSION = 5.0;
				TARGETED_DEVICE_FAMILY = "1,2";
			};
			name = Debug;
		};
		9617123A2A8F751A00207A35 /* Release */ = {
			isa = XCBuildConfiguration;
			buildSettings = {
				ASSETCATALOG_COMPILER_APPICON_NAME = AppIcon;
				ASSETCATALOG_COMPILER_GLOBAL_ACCENT_COLOR_NAME = AccentColor;
				CODE_SIGN_STYLE = Automatic;
				CURRENT_PROJECT_VERSION = 1;
				DEVELOPMENT_TEAM = Y5WSGR4QBW;
				GENERATE_INFOPLIST_FILE = YES;
				INFOPLIST_FILE = "Rick&Morty Intern Assessment/Info.plist";
				INFOPLIST_KEY_UIApplicationSupportsIndirectInputEvents = YES;
				INFOPLIST_KEY_UILaunchStoryboardName = LaunchScreen.storyboard;
				INFOPLIST_KEY_UISupportedInterfaceOrientations = UIInterfaceOrientationPortrait;
				INFOPLIST_KEY_UISupportedInterfaceOrientations_iPad = "UIInterfaceOrientationLandscapeLeft UIInterfaceOrientationLandscapeRight UIInterfaceOrientationPortrait UIInterfaceOrientationPortraitUpsideDown";
				IPHONEOS_DEPLOYMENT_TARGET = 16.2;
				LD_RUNPATH_SEARCH_PATHS = (
					"$(inherited)",
					"@executable_path/Frameworks",
				);
				MARKETING_VERSION = 1.0;
				PRODUCT_BUNDLE_IDENTIFIER = "com.antonkh.Rick-Morty-Intern-Assessment";
				PRODUCT_NAME = "$(TARGET_NAME)";
				SWIFT_EMIT_LOC_STRINGS = YES;
				SWIFT_VERSION = 5.0;
				TARGETED_DEVICE_FAMILY = "1,2";
			};
			name = Release;
		};
/* End XCBuildConfiguration section */

/* Begin XCConfigurationList section */
		9617121F2A8F751800207A35 /* Build configuration list for PBXProject "Rick&Morty Intern Assessment" */ = {
			isa = XCConfigurationList;
			buildConfigurations = (
				961712362A8F751A00207A35 /* Debug */,
				961712372A8F751A00207A35 /* Release */,
			);
			defaultConfigurationIsVisible = 0;
			defaultConfigurationName = Release;
		};
		961712382A8F751A00207A35 /* Build configuration list for PBXNativeTarget "Rick&Morty Intern Assessment" */ = {
			isa = XCConfigurationList;
			buildConfigurations = (
				961712392A8F751A00207A35 /* Debug */,
				9617123A2A8F751A00207A35 /* Release */,
			);
			defaultConfigurationIsVisible = 0;
			defaultConfigurationName = Release;
		};
/* End XCConfigurationList section */
	};
	rootObject = 9617121C2A8F751800207A35 /* Project object */;
}
